
Microsoft Visual Studio Solution File, Format Version 12.00
# Visual Studio Version 16
VisualStudioVersion = 16.0.30907.101
MinimumVisualStudioVersion = 10.0.40219.1
Project("{FAE04EC0-301F-11D3-BF4B-00C04F79EFBC}") = "eSankalpMed", "eSankalpMed\eSankalpMed.csproj", "{0F192EF6-E2A4-4123-A279-230ACFAAEA4E}"
EndProject
Project("{FAE04EC0-301F-11D3-BF4B-00C04F79EFBC}") = "eSankalpMed.Data", "eSankalpMed.Data\eSankalpMed.Data.csproj", "{8C3BBFD0-32B0-4E22-A9C6-967E1BEFDC9E}"
EndProject
Global
	GlobalSection(SolutionConfigurationPlatforms) = preSolution
		Debug|Any CPU = Debug|Any CPU
		Release|Any CPU = Release|Any CPU
	EndGlobalSection
	GlobalSection(ProjectConfigurationPlatforms) = postSolution
		{0F192EF6-E2A4-4123-A279-230ACFAAEA4E}.Debug|Any CPU.ActiveCfg = Debug|Any CPU
		{0F192EF6-E2A4-4123-A279-230ACFAAEA4E}.Debug|Any CPU.Build.0 = Debug|Any CPU
		{0F192EF6-E2A4-4123-A279-230ACFAAEA4E}.Release|Any CPU.ActiveCfg = Release|Any CPU
		{0F192EF6-E2A4-4123-A279-230ACFAAEA4E}.Release|Any CPU.Build.0 = Release|Any CPU
		{8C3BBFD0-32B0-4E22-A9C6-967E1BEFDC9E}.Debug|Any CPU.ActiveCfg = Debug|Any CPU
		{8C3BBFD0-32B0-4E22-A9C6-967E1BEFDC9E}.Debug|Any CPU.Build.0 = Debug|Any CPU
		{8C3BBFD0-32B0-4E22-A9C6-967E1BEFDC9E}.Release|Any CPU.ActiveCfg = Release|Any CPU
		{8C3BBFD0-32B0-4E22-A9C6-967E1BEFDC9E}.Release|Any CPU.Build.0 = Release|Any CPU
	EndGlobalSection
	GlobalSection(SolutionProperties) = preSolution
		HideSolutionNode = FALSE
	EndGlobalSection
	GlobalSection(ExtensibilityGlobals) = postSolution
		SolutionGuid = {FC6A6812-7D0A-46FB-AF68-13A1B9134F92}
	EndGlobalSection
EndGlobal
